// !$*UTF8*$!
{
	archiveVersion = 1;
	classes = {
	};
	objectVersion = 46;
	objects = {

/* Begin PBXBuildFile section */
		D53257EE185EFE7A004664CE /* Foundation.framework in Frameworks */ = {isa = PBXBuildFile; fileRef = D53257ED185EFE7A004664CE /* Foundation.framework */; };
		D53257F0185EFE7A004664CE /* CoreGraphics.framework in Frameworks */ = {isa = PBXBuildFile; fileRef = D53257EF185EFE7A004664CE /* CoreGraphics.framework */; };
		D53257F2185EFE7A004664CE /* UIKit.framework in Frameworks */ = {isa = PBXBuildFile; fileRef = D53257F1185EFE7A004664CE /* UIKit.framework */; };
		D53257F8185EFE7B004664CE /* InfoPlist.strings in Resources */ = {isa = PBXBuildFile; fileRef = D53257F6185EFE7B004664CE /* InfoPlist.strings */; };
		D53257FA185EFE7B004664CE /* main.m in Sources */ = {isa = PBXBuildFile; fileRef = D53257F9185EFE7B004664CE /* main.m */; };
		D53257FE185EFE7B004664CE /* CVAppDelegate.m in Sources */ = {isa = PBXBuildFile; fileRef = D53257FD185EFE7B004664CE /* CVAppDelegate.m */; };
		D5325801185EFE7B004664CE /* Main.storyboard in Resources */ = {isa = PBXBuildFile; fileRef = D53257FF185EFE7B004664CE /* Main.storyboard */; };
		D5325804185EFE7B004664CE /* CVViewController.m in Sources */ = {isa = PBXBuildFile; fileRef = D5325803185EFE7B004664CE /* CVViewController.m */; };
		D5325806185EFE7B004664CE /* Images.xcassets in Resources */ = {isa = PBXBuildFile; fileRef = D5325805185EFE7B004664CE /* Images.xcassets */; };
		D532580D185EFE7B004664CE /* XCTest.framework in Frameworks */ = {isa = PBXBuildFile; fileRef = D532580C185EFE7B004664CE /* XCTest.framework */; };
		D532580E185EFE7B004664CE /* Foundation.framework in Frameworks */ = {isa = PBXBuildFile; fileRef = D53257ED185EFE7A004664CE /* Foundation.framework */; };
		D532580F185EFE7B004664CE /* UIKit.framework in Frameworks */ = {isa = PBXBuildFile; fileRef = D53257F1185EFE7A004664CE /* UIKit.framework */; };
		D5325817185EFE7B004664CE /* InfoPlist.strings in Resources */ = {isa = PBXBuildFile; fileRef = D5325815185EFE7B004664CE /* InfoPlist.strings */; };
		D5325819185EFE7B004664CE /* CollnectViewTests.m in Sources */ = {isa = PBXBuildFile; fileRef = D5325818185EFE7B004664CE /* CollnectViewTests.m */; };
		D5325823185EFE93004664CE /* sharebg.png in Resources */ = {isa = PBXBuildFile; fileRef = D5325822185EFE93004664CE /* sharebg.png */; };
		D5325825185EFEA3004664CE /* BookShelfCell.png in Resources */ = {isa = PBXBuildFile; fileRef = D5325824185EFEA3004664CE /* BookShelfCell.png */; };
		D5325828185F00C2004664CE /* CVDEView.m in Sources */ = {isa = PBXBuildFile; fileRef = D5325827185F00C2004664CE /* CVDEView.m */; };
		D532582B185F064B004664CE /* CVCell.m in Sources */ = {isa = PBXBuildFile; fileRef = D532582A185F064B004664CE /* CVCell.m */; };
		D532582E185F06DA004664CE /* CVLayout.m in Sources */ = {isa = PBXBuildFile; fileRef = D532582D185F06DA004664CE /* CVLayout.m */; };
		D538E4EC18601BAB00BCC9D2 /* book1.jpeg in Resources */ = {isa = PBXBuildFile; fileRef = D538E4EB18601BAB00BCC9D2 /* book1.jpeg */; };
/* End PBXBuildFile section */

/* Begin PBXContainerItemProxy section */
		D5325810185EFE7B004664CE /* PBXContainerItemProxy */ = {
			isa = PBXContainerItemProxy;
			containerPortal = D53257E2185EFE7A004664CE /* Project object */;
			proxyType = 1;
			remoteGlobalIDString = D53257E9185EFE7A004664CE;
			remoteInfo = CollnectView;
		};
/* End PBXContainerItemProxy section */

/* Begin PBXFileReference section */
		D53257EA185EFE7A004664CE /* CollnectView.app */ = {isa = PBXFileReference; explicitFileType = wrapper.application; includeInIndex = 0; path = CollnectView.app; sourceTree = BUILT_PRODUCTS_DIR; };
		D53257ED185EFE7A004664CE /* Foundation.framework */ = {isa = PBXFileReference; lastKnownFileType = wrapper.framework; name = Foundation.framework; path = System/Library/Frameworks/Foundation.framework; sourceTree = SDKROOT; };
		D53257EF185EFE7A004664CE /* CoreGraphics.framework */ = {isa = PBXFileReference; lastKnownFileType = wrapper.framework; name = CoreGraphics.framework; path = System/Library/Frameworks/CoreGraphics.framework; sourceTree = SDKROOT; };
		D53257F1185EFE7A004664CE /* UIKit.framework */ = {isa = PBXFileReference; lastKnownFileType = wrapper.framework; name = UIKit.framework; path = System/Library/Frameworks/UIKit.framework; sourceTree = SDKROOT; };
		D53257F5185EFE7A004664CE /* CollnectView-Info.plist */ = {isa = PBXFileReference; lastKnownFileType = text.plist.xml; path = "CollnectView-Info.plist"; sourceTree = "<group>"; };
		D53257F7185EFE7B004664CE /* en */ = {isa = PBXFileReference; lastKnownFileType = text.plist.strings; name = en; path = en.lproj/InfoPlist.strings; sourceTree = "<group>"; };
		D53257F9185EFE7B004664CE /* main.m */ = {isa = PBXFileReference; lastKnownFileType = sourcecode.c.objc; path = main.m; sourceTree = "<group>"; };
		D53257FB185EFE7B004664CE /* CollnectView-Prefix.pch */ = {isa = PBXFileReference; lastKnownFileType = sourcecode.c.h; path = "CollnectView-Prefix.pch"; sourceTree = "<group>"; };
		D53257FC185EFE7B004664CE /* CVAppDelegate.h */ = {isa = PBXFileReference; lastKnownFileType = sourcecode.c.h; path = CVAppDelegate.h; sourceTree = "<group>"; };
		D53257FD185EFE7B004664CE /* CVAppDelegate.m */ = {isa = PBXFileReference; lastKnownFileType = sourcecode.c.objc; path = CVAppDelegate.m; sourceTree = "<group>"; };
		D5325800185EFE7B004664CE /* Base */ = {isa = PBXFileReference; lastKnownFileType = file.storyboard; name = Base; path = Base.lproj/Main.storyboard; sourceTree = "<group>"; };
		D5325802185EFE7B004664CE /* CVViewController.h */ = {isa = PBXFileReference; lastKnownFileType = sourcecode.c.h; path = CVViewController.h; sourceTree = "<group>"; };
		D5325803185EFE7B004664CE /* CVViewController.m */ = {isa = PBXFileReference; lastKnownFileType = sourcecode.c.objc; path = CVViewController.m; sourceTree = "<group>"; };
		D5325805185EFE7B004664CE /* Images.xcassets */ = {isa = PBXFileReference; lastKnownFileType = folder.assetcatalog; path = Images.xcassets; sourceTree = "<group>"; };
		D532580B185EFE7B004664CE /* CollnectViewTests.xctest */ = {isa = PBXFileReference; explicitFileType = wrapper.cfbundle; includeInIndex = 0; path = CollnectViewTests.xctest; sourceTree = BUILT_PRODUCTS_DIR; };
		D532580C185EFE7B004664CE /* XCTest.framework */ = {isa = PBXFileReference; lastKnownFileType = wrapper.framework; name = XCTest.framework; path = Library/Frameworks/XCTest.framework; sourceTree = DEVELOPER_DIR; };
		D5325814185EFE7B004664CE /* CollnectViewTests-Info.plist */ = {isa = PBXFileReference; lastKnownFileType = text.plist.xml; path = "CollnectViewTests-Info.plist"; sourceTree = "<group>"; };
		D5325816185EFE7B004664CE /* en */ = {isa = PBXFileReference; lastKnownFileType = text.plist.strings; name = en; path = en.lproj/InfoPlist.strings; sourceTree = "<group>"; };
		D5325818185EFE7B004664CE /* CollnectViewTests.m */ = {isa = PBXFileReference; lastKnownFileType = sourcecode.c.objc; path = CollnectViewTests.m; sourceTree = "<group>"; };
		D5325822185EFE93004664CE /* sharebg.png */ = {isa = PBXFileReference; lastKnownFileType = image.png; path = sharebg.png; sourceTree = "<group>"; };
		D5325824185EFEA3004664CE /* BookShelfCell.png */ = {isa = PBXFileReference; lastKnownFileType = image.png; path = BookShelfCell.png; sourceTree = "<group>"; };
		D5325826185F00C2004664CE /* CVDEView.h */ = {isa = PBXFileReference; fileEncoding = 4; lastKnownFileType = sourcecode.c.h; path = CVDEView.h; sourceTree = "<group>"; };
		D5325827185F00C2004664CE /* CVDEView.m */ = {isa = PBXFileReference; fileEncoding = 4; lastKnownFileType = sourcecode.c.objc; path = CVDEView.m; sourceTree = "<group>"; };
		D5325829185F064B004664CE /* CVCell.h */ = {isa = PBXFileReference; fileEncoding = 4; lastKnownFileType = sourcecode.c.h; path = CVCell.h; sourceTree = "<group>"; };
		D532582A185F064B004664CE /* CVCell.m */ = {isa = PBXFileReference; fileEncoding = 4; lastKnownFileType = sourcecode.c.objc; path = CVCell.m; sourceTree = "<group>"; };
		D532582C185F06DA004664CE /* CVLayout.h */ = {isa = PBXFileReference; fileEncoding = 4; lastKnownFileType = sourcecode.c.h; path = CVLayout.h; sourceTree = "<group>"; };
		D532582D185F06DA004664CE /* CVLayout.m */ = {isa = PBXFileReference; fileEncoding = 4; lastKnownFileType = sourcecode.c.objc; path = CVLayout.m; sourceTree = "<group>"; };
		D538E4EB18601BAB00BCC9D2 /* book1.jpeg */ = {isa = PBXFileReference; lastKnownFileType = image.jpeg; path = book1.jpeg; sourceTree = "<group>"; };
/* End PBXFileReference section */

/* Begin PBXFrameworksBuildPhase section */
		D53257E7185EFE7A004664CE /* Frameworks */ = {
			isa = PBXFrameworksBuildPhase;
			buildActionMask = 2147483647;
			files = (
				D53257F0185EFE7A004664CE /* CoreGraphics.framework in Frameworks */,
				D53257F2185EFE7A004664CE /* UIKit.framework in Frameworks */,
				D53257EE185EFE7A004664CE /* Foundation.framework in Frameworks */,
			);
			runOnlyForDeploymentPostprocessing = 0;
		};
		D5325808185EFE7B004664CE /* Frameworks */ = {
			isa = PBXFrameworksBuildPhase;
			buildActionMask = 2147483647;
			files = (
				D532580D185EFE7B004664CE /* XCTest.framework in Frameworks */,
				D532580F185EFE7B004664CE /* UIKit.framework in Frameworks */,
				D532580E185EFE7B004664CE /* Foundation.framework in Frameworks */,
			);
			runOnlyForDeploymentPostprocessing = 0;
		};
/* End PBXFrameworksBuildPhase section */

/* Begin PBXGroup section */
		D53257E1185EFE7A004664CE = {
			isa = PBXGroup;
			children = (
				D53257F3185EFE7A004664CE /* CollnectView */,
				D5325812185EFE7B004664CE /* CollnectViewTests */,
				D53257EC185EFE7A004664CE /* Frameworks */,
				D53257EB185EFE7A004664CE /* Products */,
			);
			sourceTree = "<group>";
		};
		D53257EB185EFE7A004664CE /* Products */ = {
			isa = PBXGroup;
			children = (
				D53257EA185EFE7A004664CE /* CollnectView.app */,
				D532580B185EFE7B004664CE /* CollnectViewTests.xctest */,
			);
			name = Products;
			sourceTree = "<group>";
		};
		D53257EC185EFE7A004664CE /* Frameworks */ = {
			isa = PBXGroup;
			children = (
				D53257ED185EFE7A004664CE /* Foundation.framework */,
				D53257EF185EFE7A004664CE /* CoreGraphics.framework */,
				D53257F1185EFE7A004664CE /* UIKit.framework */,
				D532580C185EFE7B004664CE /* XCTest.framework */,
			);
			name = Frameworks;
			sourceTree = "<group>";
		};
		D53257F3185EFE7A004664CE /* CollnectView */ = {
			isa = PBXGroup;
			children = (
				D538E4EB18601BAB00BCC9D2 /* book1.jpeg */,
				D5325824185EFEA3004664CE /* BookShelfCell.png */,
				D5325822185EFE93004664CE /* sharebg.png */,
				D53257FC185EFE7B004664CE /* CVAppDelegate.h */,
				D53257FD185EFE7B004664CE /* CVAppDelegate.m */,
				D53257FF185EFE7B004664CE /* Main.storyboard */,
				D5325802185EFE7B004664CE /* CVViewController.h */,
				D5325803185EFE7B004664CE /* CVViewController.m */,
				D5325829185F064B004664CE /* CVCell.h */,
				D532582A185F064B004664CE /* CVCell.m */,
				D532582C185F06DA004664CE /* CVLayout.h */,
				D532582D185F06DA004664CE /* CVLayout.m */,
				D5325805185EFE7B004664CE /* Images.xcassets */,
				D53257F4185EFE7A004664CE /* Supporting Files */,
				D5325826185F00C2004664CE /* CVDEView.h */,
				D5325827185F00C2004664CE /* CVDEView.m */,
			);
			path = CollnectView;
			sourceTree = "<group>";
		};
		D53257F4185EFE7A004664CE /* Supporting Files */ = {
			isa = PBXGroup;
			children = (
				D53257F5185EFE7A004664CE /* CollnectView-Info.plist */,
				D53257F6185EFE7B004664CE /* InfoPlist.strings */,
				D53257F9185EFE7B004664CE /* main.m */,
				D53257FB185EFE7B004664CE /* CollnectView-Prefix.pch */,
			);
			name = "Supporting Files";
			sourceTree = "<group>";
		};
		D5325812185EFE7B004664CE /* CollnectViewTests */ = {
			isa = PBXGroup;
			children = (
				D5325818185EFE7B004664CE /* CollnectViewTests.m */,
				D5325813185EFE7B004664CE /* Supporting Files */,
			);
			path = CollnectViewTests;
			sourceTree = "<group>";
		};
		D5325813185EFE7B004664CE /* Supporting Files */ = {
			isa = PBXGroup;
			children = (
				D5325814185EFE7B004664CE /* CollnectViewTests-Info.plist */,
				D5325815185EFE7B004664CE /* InfoPlist.strings */,
			);
			name = "Supporting Files";
			sourceTree = "<group>";
		};
/* End PBXGroup section */

/* Begin PBXNativeTarget section */
		D53257E9185EFE7A004664CE /* CollnectView */ = {
			isa = PBXNativeTarget;
			buildConfigurationList = D532581C185EFE7B004664CE /* Build configuration list for PBXNativeTarget "CollnectView" */;
			buildPhases = (
				D53257E6185EFE7A004664CE /* Sources */,
				D53257E7185EFE7A004664CE /* Frameworks */,
				D53257E8185EFE7A004664CE /* Resources */,
			);
			buildRules = (
			);
			dependencies = (
			);
			name = CollnectView;
			productName = CollnectView;
			productReference = D53257EA185EFE7A004664CE /* CollnectView.app */;
			productType = "com.apple.product-type.application";
		};
		D532580A185EFE7B004664CE /* CollnectViewTests */ = {
			isa = PBXNativeTarget;
			buildConfigurationList = D532581F185EFE7B004664CE /* Build configuration list for PBXNativeTarget "CollnectViewTests" */;
			buildPhases = (
				D5325807185EFE7B004664CE /* Sources */,
				D5325808185EFE7B004664CE /* Frameworks */,
				D5325809185EFE7B004664CE /* Resources */,
			);
			buildRules = (
			);
			dependencies = (
				D5325811185EFE7B004664CE /* PBXTargetDependency */,
			);
			name = CollnectViewTests;
			productName = CollnectViewTests;
			productReference = D532580B185EFE7B004664CE /* CollnectViewTests.xctest */;
			productType = "com.apple.product-type.bundle.unit-test";
		};
/* End PBXNativeTarget section */

/* Begin PBXProject section */
		D53257E2185EFE7A004664CE /* Project object */ = {
			isa = PBXProject;
			attributes = {
				CLASSPREFIX = CV;
				LastUpgradeCheck = 0500;
				ORGANIZATIONNAME = "赵 锋";
				TargetAttributes = {
					D532580A185EFE7B004664CE = {
						TestTargetID = D53257E9185EFE7A004664CE;
					};
				};
			};
			buildConfigurationList = D53257E5185EFE7A004664CE /* Build configuration list for PBXProject "CollnectView" */;
			compatibilityVersion = "Xcode 3.2";
			developmentRegion = English;
			hasScannedForEncodings = 0;
			knownRegions = (
				en,
				Base,
			);
			mainGroup = D53257E1185EFE7A004664CE;
			productRefGroup = D53257EB185EFE7A004664CE /* Products */;
			projectDirPath = "";
			projectRoot = "";
			targets = (
				D53257E9185EFE7A004664CE /* CollnectView */,
				D532580A185EFE7B004664CE /* CollnectViewTests */,
			);
		};
/* End PBXProject section */

/* Begin PBXResourcesBuildPhase section */
		D53257E8185EFE7A004664CE /* Resources */ = {
			isa = PBXResourcesBuildPhase;
			buildActionMask = 2147483647;
			files = (
				D538E4EC18601BAB00BCC9D2 /* book1.jpeg in Resources */,
				D5325806185EFE7B004664CE /* Images.xcassets in Resources */,
				D53257F8185EFE7B004664CE /* InfoPlist.strings in Resources */,
				D5325823185EFE93004664CE /* sharebg.png in Resources */,
				D5325801185EFE7B004664CE /* Main.storyboard in Resources */,
				D5325825185EFEA3004664CE /* BookShelfCell.png in Resources */,
			);
			runOnlyForDeploymentPostprocessing = 0;
		};
		D5325809185EFE7B004664CE /* Resources */ = {
			isa = PBXResourcesBuildPhase;
			buildActionMask = 2147483647;
			files = (
				D5325817185EFE7B004664CE /* InfoPlist.strings in Resources */,
			);
			runOnlyForDeploymentPostprocessing = 0;
		};
/* End PBXResourcesBuildPhase section */

/* Begin PBXSourcesBuildPhase section */
		D53257E6185EFE7A004664CE /* Sources */ = {
			isa = PBXSourcesBuildPhase;
			buildActionMask = 2147483647;
			files = (
				D53257FA185EFE7B004664CE /* main.m in Sources */,
				D53257FE185EFE7B004664CE /* CVAppDelegate.m in Sources */,
				D532582E185F06DA004664CE /* CVLayout.m in Sources */,
				D5325828185F00C2004664CE /* CVDEView.m in Sources */,
				D532582B185F064B004664CE /* CVCell.m in Sources */,
				D5325804185EFE7B004664CE /* CVViewController.m in Sources */,
			);
			runOnlyForDeploymentPostprocessing = 0;
		};
		D5325807185EFE7B004664CE /* Sources */ = {
			isa = PBXSourcesBuildPhase;
			buildActionMask = 2147483647;
			files = (
				D5325819185EFE7B004664CE /* CollnectViewTests.m in Sources */,
			);
			runOnlyForDeploymentPostprocessing = 0;
		};
/* End PBXSourcesBuildPhase section */

/* Begin PBXTargetDependency section */
		D5325811185EFE7B004664CE /* PBXTargetDependency */ = {
			isa = PBXTargetDependency;
			target = D53257E9185EFE7A004664CE /* CollnectView */;
			targetProxy = D5325810185EFE7B004664CE /* PBXContainerItemProxy */;
		};
/* End PBXTargetDependency section */

/* Begin PBXVariantGroup section */
		D53257F6185EFE7B004664CE /* InfoPlist.strings */ = {
			isa = PBXVariantGroup;
			children = (
				D53257F7185EFE7B004664CE /* en */,
			);
			name = InfoPlist.strings;
			sourceTree = "<group>";
		};
		D53257FF185EFE7B004664CE /* Main.storyboard */ = {
			isa = PBXVariantGroup;
			children = (
				D5325800185EFE7B004664CE /* Base */,
			);
			name = Main.storyboard;
			sourceTree = "<group>";
		};
		D5325815185EFE7B004664CE /* InfoPlist.strings */ = {
			isa = PBXVariantGroup;
			children = (
				D5325816185EFE7B004664CE /* en */,
			);
			name = InfoPlist.strings;
			sourceTree = "<group>";
		};
/* End PBXVariantGroup section */

/* Begin XCBuildConfiguration section */
		D532581A185EFE7B004664CE /* Debug */ = {
			isa = XCBuildConfiguration;
			buildSettings = {
				ALWAYS_SEARCH_USER_PATHS = NO;
				ARCHS = "$(ARCHS_STANDARD_INCLUDING_64_BIT)";
				CLANG_CXX_LANGUAGE_STANDARD = "gnu++0x";
				CLANG_CXX_LIBRARY = "libc++";
				CLANG_ENABLE_MODULES = YES;
				CLANG_ENABLE_OBJC_ARC = YES;
				CLANG_WARN_BOOL_CONVERSION = YES;
				CLANG_WARN_CONSTANT_CONVERSION = YES;
				CLANG_WARN_DIRECT_OBJC_ISA_USAGE = YES_ERROR;
				CLANG_WARN_EMPTY_BODY = YES;
				CLANG_WARN_ENUM_CONVERSION = YES;
				CLANG_WARN_INT_CONVERSION = YES;
				CLANG_WARN_OBJC_ROOT_CLASS = YES_ERROR;
				CLANG_WARN__DUPLICATE_METHOD_MATCH = YES;
				"CODE_SIGN_IDENTITY[sdk=iphoneos*]" = "iPhone Developer";
				COPY_PHASE_STRIP = NO;
				GCC_C_LANGUAGE_STANDARD = gnu99;
				GCC_DYNAMIC_NO_PIC = NO;
				GCC_OPTIMIZATION_LEVEL = 0;
				GCC_PREPROCESSOR_DEFINITIONS = (
					"DEBUG=1",
					"$(inherited)",
				);
				GCC_SYMBOLS_PRIVATE_EXTERN = NO;
				GCC_WARN_64_TO_32_BIT_CONVERSION = YES;
				GCC_WARN_ABOUT_RETURN_TYPE = YES_ERROR;
				GCC_WARN_UNDECLARED_SELECTOR = YES;
				GCC_WARN_UNINITIALIZED_AUTOS = YES;
				GCC_WARN_UNUSED_FUNCTION = YES;
				GCC_WARN_UNUSED_VARIABLE = YES;
				IPHONEOS_DEPLOYMENT_TARGET = 7.0;
				ONLY_ACTIVE_ARCH = YES;
				SDKROOT = iphoneos;
			};
			name = Debug;
		};
		D532581B185EFE7B004664CE /* Release */ = {
			isa = XCBuildConfiguration;
			buildSettings = {
				ALWAYS_SEARCH_USER_PATHS = NO;
				ARCHS = "$(ARCHS_STANDARD_INCLUDING_64_BIT)";
				CLANG_CXX_LANGUAGE_STANDARD = "gnu++0x";
				CLANG_CXX_LIBRARY = "libc++";
				CLANG_ENABLE_MODULES = YES;
				CLANG_ENABLE_OBJC_ARC = YES;
				CLANG_WARN_BOOL_CONVERSION = YES;
				CLANG_WARN_CONSTANT_CONVERSION = YES;
				CLANG_WARN_DIRECT_OBJC_ISA_USAGE = YES_ERROR;
				CLANG_WARN_EMPTY_BODY = YES;
				CLANG_WARN_ENUM_CONVERSION = YES;
				CLANG_WARN_INT_CONVERSION = YES;
				CLANG_WARN_OBJC_ROOT_CLASS = YES_ERROR;
				CLANG_WARN__DUPLICATE_METHOD_MATCH = YES;
				"CODE_SIGN_IDENTITY[sdk=iphoneos*]" = "iPhone Developer";
				COPY_PHASE_STRIP = YES;
				ENABLE_NS_ASSERTIONS = NO;
				GCC_C_LANGUAGE_STANDARD = gnu99;
				GCC_WARN_64_TO_32_BIT_CONVERSION = YES;
				GCC_WARN_ABOUT_RETURN_TYPE = YES_ERROR;
				GCC_WARN_UNDECLARED_SELECTOR = YES;
				GCC_WARN_UNINITIALIZED_AUTOS = YES;
				GCC_WARN_UNUSED_FUNCTION = YES;
				GCC_WARN_UNUSED_VARIABLE = YES;
				IPHONEOS_DEPLOYMENT_TARGET = 7.0;
				SDKROOT = iphoneos;
				VALIDATE_PRODUCT = YES;
			};
			name = Release;
		};
		D532581D185EFE7B004664CE /* Debug */ = {
			isa = XCBuildConfiguration;
			buildSettings = {
				ASSETCATALOG_COMPILER_APPICON_NAME = AppIcon;
				ASSETCATALOG_COMPILER_LAUNCHIMAGE_NAME = LaunchImage;
				GCC_PRECOMPILE_PREFIX_HEADER = YES;
				GCC_PREFIX_HEADER = "CollnectView/CollnectView-Prefix.pch";
				INFOPLIST_FILE = "CollnectView/CollnectView-Info.plist";
				PRODUCT_NAME = "$(TARGET_NAME)";
				WRAPPER_EXTENSION = app;
			};
			name = Debug;
		};
		D532581E185EFE7B004664CE /* Release */ = {
			isa = XCBuildConfiguration;
			buildSettings = {
				ASSETCATALOG_COMPILER_APPICON_NAME = AppIcon;
				ASSETCATALOG_COMPILER_LAUNCHIMAGE_NAME = LaunchImage;
				GCC_PRECOMPILE_PREFIX_HEADER = YES;
				GCC_PREFIX_HEADER = "CollnectView/CollnectView-Prefix.pch";
				INFOPLIST_FILE = "CollnectView/CollnectView-Info.plist";
				PRODUCT_NAME = "$(TARGET_NAME)";
				WRAPPER_EXTENSION = app;
			};
			name = Release;
		};
		D5325820185EFE7B004664CE /* Debug */ = {
			isa = XCBuildConfiguration;
			buildSettings = {
				ARCHS = "$(ARCHS_STANDARD_INCLUDING_64_BIT)";
				BUNDLE_LOADER = "$(BUILT_PRODUCTS_DIR)/CollnectView.app/CollnectView";
				FRAMEWORK_SEARCH_PATHS = (
					"$(SDKROOT)/Developer/Library/Frameworks",
					"$(inherited)",
					"$(DEVELOPER_FRAMEWORKS_DIR)",
				);
				GCC_PRECOMPILE_PREFIX_HEADER = YES;
				GCC_PREFIX_HEADER = "CollnectView/CollnectView-Prefix.pch";
				GCC_PREPROCESSOR_DEFINITIONS = (
					"DEBUG=1",
					"$(inherited)",
				);
				INFOPLIST_FILE = "CollnectViewTests/CollnectViewTests-Info.plist";
				PRODUCT_NAME = "$(TARGET_NAME)";
				TEST_HOST = "$(BUNDLE_LOADER)";
				WRAPPER_EXTENSION = xctest;
			};
			name = Debug;
		};
		D5325821185EFE7B004664CE /* Release */ = {
			isa = XCBuildConfiguration;
			buildSettings = {
				ARCHS = "$(ARCHS_STANDARD_INCLUDING_64_BIT)";
				BUNDLE_LOADER = "$(BUILT_PRODUCTS_DIR)/CollnectView.app/CollnectView";
				FRAMEWORK_SEARCH_PATHS = (
					"$(SDKROOT)/Developer/Library/Frameworks",
					"$(inherited)",
					"$(DEVELOPER_FRAMEWORKS_DIR)",
				);
				GCC_PRECOMPILE_PREFIX_HEADER = YES;
				GCC_PREFIX_HEADER = "CollnectView/CollnectView-Prefix.pch";
				INFOPLIST_FILE = "CollnectViewTests/CollnectViewTests-Info.plist";
				PRODUCT_NAME = "$(TARGET_NAME)";
				TEST_HOST = "$(BUNDLE_LOADER)";
				WRAPPER_EXTENSION = xctest;
			};
			name = Release;
		};
/* End XCBuildConfiguration section */

/* Begin XCConfigurationList section */
		D53257E5185EFE7A004664CE /* Build configuration list for PBXProject "CollnectView" */ = {
			isa = XCConfigurationList;
			buildConfigurations = (
				D532581A185EFE7B004664CE /* Debug */,
				D532581B185EFE7B004664CE /* Release */,
			);
			defaultConfigurationIsVisible = 0;
			defaultConfigurationName = Release;
		};
		D532581C185EFE7B004664CE /* Build configuration list for PBXNativeTarget "CollnectView" */ = {
			isa = XCConfigurationList;
			buildConfigurations = (
				D532581D185EFE7B004664CE /* Debug */,
				D532581E185EFE7B004664CE /* Release */,
			);
			defaultConfigurationIsVisible = 0;
			defaultConfigurationName = Release;
		};
		D532581F185EFE7B004664CE /* Build configuration list for PBXNativeTarget "CollnectViewTests" */ = {
			isa = XCConfigurationList;
			buildConfigurations = (
				D5325820185EFE7B004664CE /* Debug */,
				D5325821185EFE7B004664CE /* Release */,
			);
			defaultConfigurationIsVisible = 0;
			defaultConfigurationName = Release;
		};
/* End XCConfigurationList section */
	};
	rootObject = D53257E2185EFE7A004664CE /* Project object */;
}
