// !$*UTF8*$!
{
	archiveVersion = 1;
	classes = {
	};
	objectVersion = 46;
	objects = {

/* Begin PBXBuildFile section */
		8F09BA2019D2A8F500B02BB3 /* Child.m in Sources */ = {isa = PBXBuildFile; fileRef = 8F09BA1F19D2A8F500B02BB3 /* Child.m */; };
		8F09BA2319D2A9FC00B02BB3 /* Nurse.m in Sources */ = {isa = PBXBuildFile; fileRef = 8F09BA2219D2A9FC00B02BB3 /* Nurse.m */; };
		8F83ACFE19D2685700894A2F /* Person.m in Sources */ = {isa = PBXBuildFile; fileRef = 8F83ACFD19D2685700894A2F /* Person.m */; };
		8F83AD0119D26B8C00894A2F /* Dog.m in Sources */ = {isa = PBXBuildFile; fileRef = 8F83AD0019D26B8C00894A2F /* Dog.m */; };
		8F83AD0419D26EB600894A2F /* Book.m in Sources */ = {isa = PBXBuildFile; fileRef = 8F83AD0319D26EB600894A2F /* Book.m */; };
		8F83AD0719D26ED900894A2F /* Author.m in Sources */ = {isa = PBXBuildFile; fileRef = 8F83AD0619D26ED900894A2F /* Author.m */; };
		8F9CEBCB19D1655600D97302 /* Foundation.framework in Frameworks */ = {isa = PBXBuildFile; fileRef = 8F9CEBCA19D1655600D97302 /* Foundation.framework */; };
		8F9CEBCD19D1655600D97302 /* CoreGraphics.framework in Frameworks */ = {isa = PBXBuildFile; fileRef = 8F9CEBCC19D1655600D97302 /* CoreGraphics.framework */; };
		8F9CEBCF19D1655600D97302 /* UIKit.framework in Frameworks */ = {isa = PBXBuildFile; fileRef = 8F9CEBCE19D1655600D97302 /* UIKit.framework */; };
		8F9CEBD519D1655600D97302 /* InfoPlist.strings in Resources */ = {isa = PBXBuildFile; fileRef = 8F9CEBD319D1655600D97302 /* InfoPlist.strings */; };
		8F9CEBD719D1655600D97302 /* main.m in Sources */ = {isa = PBXBuildFile; fileRef = 8F9CEBD619D1655600D97302 /* main.m */; };
		8F9CEBDB19D1655600D97302 /* AppDelegate.m in Sources */ = {isa = PBXBuildFile; fileRef = 8F9CEBDA19D1655600D97302 /* AppDelegate.m */; };
		8F9CEBDE19D1655600D97302 /* Main.storyboard in Resources */ = {isa = PBXBuildFile; fileRef = 8F9CEBDC19D1655600D97302 /* Main.storyboard */; };
		8F9CEBE119D1655600D97302 /* ViewController.m in Sources */ = {isa = PBXBuildFile; fileRef = 8F9CEBE019D1655600D97302 /* ViewController.m */; };
		8F9CEBE319D1655600D97302 /* Images.xcassets in Resources */ = {isa = PBXBuildFile; fileRef = 8F9CEBE219D1655600D97302 /* Images.xcassets */; };
		8F9CEBEA19D1655600D97302 /* XCTest.framework in Frameworks */ = {isa = PBXBuildFile; fileRef = 8F9CEBE919D1655600D97302 /* XCTest.framework */; };
		8F9CEBEB19D1655600D97302 /* Foundation.framework in Frameworks */ = {isa = PBXBuildFile; fileRef = 8F9CEBCA19D1655600D97302 /* Foundation.framework */; };
		8F9CEBEC19D1655600D97302 /* UIKit.framework in Frameworks */ = {isa = PBXBuildFile; fileRef = 8F9CEBCE19D1655600D97302 /* UIKit.framework */; };
		8F9CEBF419D1655600D97302 /* InfoPlist.strings in Resources */ = {isa = PBXBuildFile; fileRef = 8F9CEBF219D1655600D97302 /* InfoPlist.strings */; };
		8F9CEBF619D1655600D97302 /* KVC_KVOTests.m in Sources */ = {isa = PBXBuildFile; fileRef = 8F9CEBF519D1655600D97302 /* KVC_KVOTests.m */; };
/* End PBXBuildFile section */

/* Begin PBXContainerItemProxy section */
		8F9CEBED19D1655600D97302 /* PBXContainerItemProxy */ = {
			isa = PBXContainerItemProxy;
			containerPortal = 8F9CEBBF19D1655600D97302 /* Project object */;
			proxyType = 1;
			remoteGlobalIDString = 8F9CEBC619D1655600D97302;
			remoteInfo = KVC_KVO;
		};
/* End PBXContainerItemProxy section */

/* Begin PBXFileReference section */
		8F09BA1E19D2A8F500B02BB3 /* Child.h */ = {isa = PBXFileReference; fileEncoding = 4; lastKnownFileType = sourcecode.c.h; path = Child.h; sourceTree = "<group>"; };
		8F09BA1F19D2A8F500B02BB3 /* Child.m */ = {isa = PBXFileReference; fileEncoding = 4; lastKnownFileType = sourcecode.c.objc; path = Child.m; sourceTree = "<group>"; };
		8F09BA2119D2A9FC00B02BB3 /* Nurse.h */ = {isa = PBXFileReference; fileEncoding = 4; lastKnownFileType = sourcecode.c.h; path = Nurse.h; sourceTree = "<group>"; };
		8F09BA2219D2A9FC00B02BB3 /* Nurse.m */ = {isa = PBXFileReference; fileEncoding = 4; lastKnownFileType = sourcecode.c.objc; path = Nurse.m; sourceTree = "<group>"; };
		8F83ACFC19D2685700894A2F /* Person.h */ = {isa = PBXFileReference; fileEncoding = 4; lastKnownFileType = sourcecode.c.h; path = Person.h; sourceTree = "<group>"; };
		8F83ACFD19D2685700894A2F /* Person.m */ = {isa = PBXFileReference; fileEncoding = 4; lastKnownFileType = sourcecode.c.objc; path = Person.m; sourceTree = "<group>"; };
		8F83ACFF19D26B8C00894A2F /* Dog.h */ = {isa = PBXFileReference; fileEncoding = 4; lastKnownFileType = sourcecode.c.h; path = Dog.h; sourceTree = "<group>"; };
		8F83AD0019D26B8C00894A2F /* Dog.m */ = {isa = PBXFileReference; fileEncoding = 4; lastKnownFileType = sourcecode.c.objc; path = Dog.m; sourceTree = "<group>"; };
		8F83AD0219D26EB600894A2F /* Book.h */ = {isa = PBXFileReference; fileEncoding = 4; lastKnownFileType = sourcecode.c.h; path = Book.h; sourceTree = "<group>"; };
		8F83AD0319D26EB600894A2F /* Book.m */ = {isa = PBXFileReference; fileEncoding = 4; lastKnownFileType = sourcecode.c.objc; path = Book.m; sourceTree = "<group>"; };
		8F83AD0519D26ED900894A2F /* Author.h */ = {isa = PBXFileReference; fileEncoding = 4; lastKnownFileType = sourcecode.c.h; path = Author.h; sourceTree = "<group>"; };
		8F83AD0619D26ED900894A2F /* Author.m */ = {isa = PBXFileReference; fileEncoding = 4; lastKnownFileType = sourcecode.c.objc; path = Author.m; sourceTree = "<group>"; };
		8F9CEBC719D1655600D97302 /* KVC_KVO.app */ = {isa = PBXFileReference; explicitFileType = wrapper.application; includeInIndex = 0; path = KVC_KVO.app; sourceTree = BUILT_PRODUCTS_DIR; };
		8F9CEBCA19D1655600D97302 /* Foundation.framework */ = {isa = PBXFileReference; lastKnownFileType = wrapper.framework; name = Foundation.framework; path = System/Library/Frameworks/Foundation.framework; sourceTree = SDKROOT; };
		8F9CEBCC19D1655600D97302 /* CoreGraphics.framework */ = {isa = PBXFileReference; lastKnownFileType = wrapper.framework; name = CoreGraphics.framework; path = System/Library/Frameworks/CoreGraphics.framework; sourceTree = SDKROOT; };
		8F9CEBCE19D1655600D97302 /* UIKit.framework */ = {isa = PBXFileReference; lastKnownFileType = wrapper.framework; name = UIKit.framework; path = System/Library/Frameworks/UIKit.framework; sourceTree = SDKROOT; };
		8F9CEBD219D1655600D97302 /* KVC_KVO-Info.plist */ = {isa = PBXFileReference; lastKnownFileType = text.plist.xml; path = "KVC_KVO-Info.plist"; sourceTree = "<group>"; };
		8F9CEBD419D1655600D97302 /* en */ = {isa = PBXFileReference; lastKnownFileType = text.plist.strings; name = en; path = en.lproj/InfoPlist.strings; sourceTree = "<group>"; };
		8F9CEBD619D1655600D97302 /* main.m */ = {isa = PBXFileReference; lastKnownFileType = sourcecode.c.objc; path = main.m; sourceTree = "<group>"; };
		8F9CEBD819D1655600D97302 /* KVC_KVO-Prefix.pch */ = {isa = PBXFileReference; lastKnownFileType = sourcecode.c.h; path = "KVC_KVO-Prefix.pch"; sourceTree = "<group>"; };
		8F9CEBD919D1655600D97302 /* AppDelegate.h */ = {isa = PBXFileReference; lastKnownFileType = sourcecode.c.h; path = AppDelegate.h; sourceTree = "<group>"; };
		8F9CEBDA19D1655600D97302 /* AppDelegate.m */ = {isa = PBXFileReference; lastKnownFileType = sourcecode.c.objc; path = AppDelegate.m; sourceTree = "<group>"; };
		8F9CEBDD19D1655600D97302 /* Base */ = {isa = PBXFileReference; lastKnownFileType = file.storyboard; name = Base; path = Base.lproj/Main.storyboard; sourceTree = "<group>"; };
		8F9CEBDF19D1655600D97302 /* ViewController.h */ = {isa = PBXFileReference; lastKnownFileType = sourcecode.c.h; path = ViewController.h; sourceTree = "<group>"; };
		8F9CEBE019D1655600D97302 /* ViewController.m */ = {isa = PBXFileReference; lastKnownFileType = sourcecode.c.objc; path = ViewController.m; sourceTree = "<group>"; };
		8F9CEBE219D1655600D97302 /* Images.xcassets */ = {isa = PBXFileReference; lastKnownFileType = folder.assetcatalog; path = Images.xcassets; sourceTree = "<group>"; };
		8F9CEBE819D1655600D97302 /* KVC_KVOTests.xctest */ = {isa = PBXFileReference; explicitFileType = wrapper.cfbundle; includeInIndex = 0; path = KVC_KVOTests.xctest; sourceTree = BUILT_PRODUCTS_DIR; };
		8F9CEBE919D1655600D97302 /* XCTest.framework */ = {isa = PBXFileReference; lastKnownFileType = wrapper.framework; name = XCTest.framework; path = Library/Frameworks/XCTest.framework; sourceTree = DEVELOPER_DIR; };
		8F9CEBF119D1655600D97302 /* KVC_KVOTests-Info.plist */ = {isa = PBXFileReference; lastKnownFileType = text.plist.xml; path = "KVC_KVOTests-Info.plist"; sourceTree = "<group>"; };
		8F9CEBF319D1655600D97302 /* en */ = {isa = PBXFileReference; lastKnownFileType = text.plist.strings; name = en; path = en.lproj/InfoPlist.strings; sourceTree = "<group>"; };
		8F9CEBF519D1655600D97302 /* KVC_KVOTests.m */ = {isa = PBXFileReference; lastKnownFileType = sourcecode.c.objc; path = KVC_KVOTests.m; sourceTree = "<group>"; };
/* End PBXFileReference section */

/* Begin PBXFrameworksBuildPhase section */
		8F9CEBC419D1655600D97302 /* Frameworks */ = {
			isa = PBXFrameworksBuildPhase;
			buildActionMask = 2147483647;
			files = (
				8F9CEBCD19D1655600D97302 /* CoreGraphics.framework in Frameworks */,
				8F9CEBCF19D1655600D97302 /* UIKit.framework in Frameworks */,
				8F9CEBCB19D1655600D97302 /* Foundation.framework in Frameworks */,
			);
			runOnlyForDeploymentPostprocessing = 0;
		};
		8F9CEBE519D1655600D97302 /* Frameworks */ = {
			isa = PBXFrameworksBuildPhase;
			buildActionMask = 2147483647;
			files = (
				8F9CEBEA19D1655600D97302 /* XCTest.framework in Frameworks */,
				8F9CEBEC19D1655600D97302 /* UIKit.framework in Frameworks */,
				8F9CEBEB19D1655600D97302 /* Foundation.framework in Frameworks */,
			);
			runOnlyForDeploymentPostprocessing = 0;
		};
/* End PBXFrameworksBuildPhase section */

/* Begin PBXGroup section */
		8F9CEBBE19D1655600D97302 = {
			isa = PBXGroup;
			children = (
				8F9CEBD019D1655600D97302 /* KVC_KVO */,
				8F9CEBEF19D1655600D97302 /* KVC_KVOTests */,
				8F9CEBC919D1655600D97302 /* Frameworks */,
				8F9CEBC819D1655600D97302 /* Products */,
			);
			sourceTree = "<group>";
		};
		8F9CEBC819D1655600D97302 /* Products */ = {
			isa = PBXGroup;
			children = (
				8F9CEBC719D1655600D97302 /* KVC_KVO.app */,
				8F9CEBE819D1655600D97302 /* KVC_KVOTests.xctest */,
			);
			name = Products;
			sourceTree = "<group>";
		};
		8F9CEBC919D1655600D97302 /* Frameworks */ = {
			isa = PBXGroup;
			children = (
				8F9CEBCA19D1655600D97302 /* Foundation.framework */,
				8F9CEBCC19D1655600D97302 /* CoreGraphics.framework */,
				8F9CEBCE19D1655600D97302 /* UIKit.framework */,
				8F9CEBE919D1655600D97302 /* XCTest.framework */,
			);
			name = Frameworks;
			sourceTree = "<group>";
		};
		8F9CEBD019D1655600D97302 /* KVC_KVO */ = {
			isa = PBXGroup;
			children = (
				8F9CEBD919D1655600D97302 /* AppDelegate.h */,
				8F9CEBDA19D1655600D97302 /* AppDelegate.m */,
				8F9CEBDC19D1655600D97302 /* Main.storyboard */,
				8F9CEBDF19D1655600D97302 /* ViewController.h */,
				8F9CEBE019D1655600D97302 /* ViewController.m */,
				8F83AD0219D26EB600894A2F /* Book.h */,
				8F83AD0319D26EB600894A2F /* Book.m */,
				8F83AD0519D26ED900894A2F /* Author.h */,
				8F83AD0619D26ED900894A2F /* Author.m */,
				8F83ACFC19D2685700894A2F /* Person.h */,
				8F83ACFD19D2685700894A2F /* Person.m */,
				8F83ACFF19D26B8C00894A2F /* Dog.h */,
				8F83AD0019D26B8C00894A2F /* Dog.m */,
				8F09BA1E19D2A8F500B02BB3 /* Child.h */,
				8F09BA1F19D2A8F500B02BB3 /* Child.m */,
				8F09BA2119D2A9FC00B02BB3 /* Nurse.h */,
				8F09BA2219D2A9FC00B02BB3 /* Nurse.m */,
				8F9CEBE219D1655600D97302 /* Images.xcassets */,
				8F9CEBD119D1655600D97302 /* Supporting Files */,
			);
			path = KVC_KVO;
			sourceTree = "<group>";
		};
		8F9CEBD119D1655600D97302 /* Supporting Files */ = {
			isa = PBXGroup;
			children = (
				8F9CEBD219D1655600D97302 /* KVC_KVO-Info.plist */,
				8F9CEBD319D1655600D97302 /* InfoPlist.strings */,
				8F9CEBD619D1655600D97302 /* main.m */,
				8F9CEBD819D1655600D97302 /* KVC_KVO-Prefix.pch */,
			);
			name = "Supporting Files";
			sourceTree = "<group>";
		};
		8F9CEBEF19D1655600D97302 /* KVC_KVOTests */ = {
			isa = PBXGroup;
			children = (
				8F9CEBF519D1655600D97302 /* KVC_KVOTests.m */,
				8F9CEBF019D1655600D97302 /* Supporting Files */,
			);
			path = KVC_KVOTests;
			sourceTree = "<group>";
		};
		8F9CEBF019D1655600D97302 /* Supporting Files */ = {
			isa = PBXGroup;
			children = (
				8F9CEBF119D1655600D97302 /* KVC_KVOTests-Info.plist */,
				8F9CEBF219D1655600D97302 /* InfoPlist.strings */,
			);
			name = "Supporting Files";
			sourceTree = "<group>";
		};
/* End PBXGroup section */

/* Begin PBXNativeTarget section */
		8F9CEBC619D1655600D97302 /* KVC_KVO */ = {
			isa = PBXNativeTarget;
			buildConfigurationList = 8F9CEBF919D1655600D97302 /* Build configuration list for PBXNativeTarget "KVC_KVO" */;
			buildPhases = (
				8F9CEBC319D1655600D97302 /* Sources */,
				8F9CEBC419D1655600D97302 /* Frameworks */,
				8F9CEBC519D1655600D97302 /* Resources */,
			);
			buildRules = (
			);
			dependencies = (
			);
			name = KVC_KVO;
			productName = KVC_KVO;
			productReference = 8F9CEBC719D1655600D97302 /* KVC_KVO.app */;
			productType = "com.apple.product-type.application";
		};
		8F9CEBE719D1655600D97302 /* KVC_KVOTests */ = {
			isa = PBXNativeTarget;
			buildConfigurationList = 8F9CEBFC19D1655600D97302 /* Build configuration list for PBXNativeTarget "KVC_KVOTests" */;
			buildPhases = (
				8F9CEBE419D1655600D97302 /* Sources */,
				8F9CEBE519D1655600D97302 /* Frameworks */,
				8F9CEBE619D1655600D97302 /* Resources */,
			);
			buildRules = (
			);
			dependencies = (
				8F9CEBEE19D1655600D97302 /* PBXTargetDependency */,
			);
			name = KVC_KVOTests;
			productName = KVC_KVOTests;
			productReference = 8F9CEBE819D1655600D97302 /* KVC_KVOTests.xctest */;
			productType = "com.apple.product-type.bundle.unit-test";
		};
/* End PBXNativeTarget section */

/* Begin PBXProject section */
		8F9CEBBF19D1655600D97302 /* Project object */ = {
			isa = PBXProject;
			attributes = {
				LastUpgradeCheck = 0510;
				ORGANIZATIONNAME = chenguangjiang;
				TargetAttributes = {
					8F9CEBE719D1655600D97302 = {
						TestTargetID = 8F9CEBC619D1655600D97302;
					};
				};
			};
			buildConfigurationList = 8F9CEBC219D1655600D97302 /* Build configuration list for PBXProject "KVC_KVO" */;
			compatibilityVersion = "Xcode 3.2";
			developmentRegion = English;
			hasScannedForEncodings = 0;
			knownRegions = (
				en,
				Base,
			);
			mainGroup = 8F9CEBBE19D1655600D97302;
			productRefGroup = 8F9CEBC819D1655600D97302 /* Products */;
			projectDirPath = "";
			projectRoot = "";
			targets = (
				8F9CEBC619D1655600D97302 /* KVC_KVO */,
				8F9CEBE719D1655600D97302 /* KVC_KVOTests */,
			);
		};
/* End PBXProject section */

/* Begin PBXResourcesBuildPhase section */
		8F9CEBC519D1655600D97302 /* Resources */ = {
			isa = PBXResourcesBuildPhase;
			buildActionMask = 2147483647;
			files = (
				8F9CEBE319D1655600D97302 /* Images.xcassets in Resources */,
				8F9CEBD519D1655600D97302 /* InfoPlist.strings in Resources */,
				8F9CEBDE19D1655600D97302 /* Main.storyboard in Resources */,
			);
			runOnlyForDeploymentPostprocessing = 0;
		};
		8F9CEBE619D1655600D97302 /* Resources */ = {
			isa = PBXResourcesBuildPhase;
			buildActionMask = 2147483647;
			files = (
				8F9CEBF419D1655600D97302 /* InfoPlist.strings in Resources */,
			);
			runOnlyForDeploymentPostprocessing = 0;
		};
/* End PBXResourcesBuildPhase section */

/* Begin PBXSourcesBuildPhase section */
		8F9CEBC319D1655600D97302 /* Sources */ = {
			isa = PBXSourcesBuildPhase;
			buildActionMask = 2147483647;
			files = (
				8F9CEBE119D1655600D97302 /* ViewController.m in Sources */,
				8F9CEBDB19D1655600D97302 /* AppDelegate.m in Sources */,
				8F83AD0719D26ED900894A2F /* Author.m in Sources */,
				8F09BA2319D2A9FC00B02BB3 /* Nurse.m in Sources */,
				8F83AD0119D26B8C00894A2F /* Dog.m in Sources */,
				8F83ACFE19D2685700894A2F /* Person.m in Sources */,
				8F83AD0419D26EB600894A2F /* Book.m in Sources */,
				8F09BA2019D2A8F500B02BB3 /* Child.m in Sources */,
				8F9CEBD719D1655600D97302 /* main.m in Sources */,
			);
			runOnlyForDeploymentPostprocessing = 0;
		};
		8F9CEBE419D1655600D97302 /* Sources */ = {
			isa = PBXSourcesBuildPhase;
			buildActionMask = 2147483647;
			files = (
				8F9CEBF619D1655600D97302 /* KVC_KVOTests.m in Sources */,
			);
			runOnlyForDeploymentPostprocessing = 0;
		};
/* End PBXSourcesBuildPhase section */

/* Begin PBXTargetDependency section */
		8F9CEBEE19D1655600D97302 /* PBXTargetDependency */ = {
			isa = PBXTargetDependency;
			target = 8F9CEBC619D1655600D97302 /* KVC_KVO */;
			targetProxy = 8F9CEBED19D1655600D97302 /* PBXContainerItemProxy */;
		};
/* End PBXTargetDependency section */

/* Begin PBXVariantGroup section */
		8F9CEBD319D1655600D97302 /* InfoPlist.strings */ = {
			isa = PBXVariantGroup;
			children = (
				8F9CEBD419D1655600D97302 /* en */,
			);
			name = InfoPlist.strings;
			sourceTree = "<group>";
		};
		8F9CEBDC19D1655600D97302 /* Main.storyboard */ = {
			isa = PBXVariantGroup;
			children = (
				8F9CEBDD19D1655600D97302 /* Base */,
			);
			name = Main.storyboard;
			sourceTree = "<group>";
		};
		8F9CEBF219D1655600D97302 /* InfoPlist.strings */ = {
			isa = PBXVariantGroup;
			children = (
				8F9CEBF319D1655600D97302 /* en */,
			);
			name = InfoPlist.strings;
			sourceTree = "<group>";
		};
/* End PBXVariantGroup section */

/* Begin XCBuildConfiguration section */
		8F9CEBF719D1655600D97302 /* Debug */ = {
			isa = XCBuildConfiguration;
			buildSettings = {
				ALWAYS_SEARCH_USER_PATHS = NO;
				CLANG_CXX_LANGUAGE_STANDARD = "gnu++0x";
				CLANG_CXX_LIBRARY = "libc++";
				CLANG_ENABLE_MODULES = YES;
				CLANG_ENABLE_OBJC_ARC = YES;
				CLANG_WARN_BOOL_CONVERSION = YES;
				CLANG_WARN_CONSTANT_CONVERSION = YES;
				CLANG_WARN_DIRECT_OBJC_ISA_USAGE = YES_ERROR;
				CLANG_WARN_EMPTY_BODY = YES;
				CLANG_WARN_ENUM_CONVERSION = YES;
				CLANG_WARN_INT_CONVERSION = YES;
				CLANG_WARN_OBJC_ROOT_CLASS = YES_ERROR;
				CLANG_WARN__DUPLICATE_METHOD_MATCH = YES;
				"CODE_SIGN_IDENTITY[sdk=iphoneos*]" = "iPhone Developer";
				COPY_PHASE_STRIP = NO;
				GCC_C_LANGUAGE_STANDARD = gnu99;
				GCC_DYNAMIC_NO_PIC = NO;
				GCC_OPTIMIZATION_LEVEL = 0;
				GCC_PREPROCESSOR_DEFINITIONS = (
					"DEBUG=1",
					"$(inherited)",
				);
				GCC_SYMBOLS_PRIVATE_EXTERN = NO;
				GCC_WARN_64_TO_32_BIT_CONVERSION = YES;
				GCC_WARN_ABOUT_RETURN_TYPE = YES_ERROR;
				GCC_WARN_UNDECLARED_SELECTOR = YES;
				GCC_WARN_UNINITIALIZED_AUTOS = YES_AGGRESSIVE;
				GCC_WARN_UNUSED_FUNCTION = YES;
				GCC_WARN_UNUSED_VARIABLE = YES;
				IPHONEOS_DEPLOYMENT_TARGET = 7.1;
				ONLY_ACTIVE_ARCH = YES;
				SDKROOT = iphoneos;
			};
			name = Debug;
		};
		8F9CEBF819D1655600D97302 /* Release */ = {
			isa = XCBuildConfiguration;
			buildSettings = {
				ALWAYS_SEARCH_USER_PATHS = NO;
				CLANG_CXX_LANGUAGE_STANDARD = "gnu++0x";
				CLANG_CXX_LIBRARY = "libc++";
				CLANG_ENABLE_MODULES = YES;
				CLANG_ENABLE_OBJC_ARC = YES;
				CLANG_WARN_BOOL_CONVERSION = YES;
				CLANG_WARN_CONSTANT_CONVERSION = YES;
				CLANG_WARN_DIRECT_OBJC_ISA_USAGE = YES_ERROR;
				CLANG_WARN_EMPTY_BODY = YES;
				CLANG_WARN_ENUM_CONVERSION = YES;
				CLANG_WARN_INT_CONVERSION = YES;
				CLANG_WARN_OBJC_ROOT_CLASS = YES_ERROR;
				CLANG_WARN__DUPLICATE_METHOD_MATCH = YES;
				"CODE_SIGN_IDENTITY[sdk=iphoneos*]" = "iPhone Developer";
				COPY_PHASE_STRIP = YES;
				ENABLE_NS_ASSERTIONS = NO;
				GCC_C_LANGUAGE_STANDARD = gnu99;
				GCC_WARN_64_TO_32_BIT_CONVERSION = YES;
				GCC_WARN_ABOUT_RETURN_TYPE = YES_ERROR;
				GCC_WARN_UNDECLARED_SELECTOR = YES;
				GCC_WARN_UNINITIALIZED_AUTOS = YES_AGGRESSIVE;
				GCC_WARN_UNUSED_FUNCTION = YES;
				GCC_WARN_UNUSED_VARIABLE = YES;
				IPHONEOS_DEPLOYMENT_TARGET = 7.1;
				SDKROOT = iphoneos;
				VALIDATE_PRODUCT = YES;
			};
			name = Release;
		};
		8F9CEBFA19D1655600D97302 /* Debug */ = {
			isa = XCBuildConfiguration;
			buildSettings = {
				ASSETCATALOG_COMPILER_APPICON_NAME = AppIcon;
				ASSETCATALOG_COMPILER_LAUNCHIMAGE_NAME = LaunchImage;
				CLANG_ENABLE_OBJC_ARC = NO;
				GCC_PRECOMPILE_PREFIX_HEADER = YES;
				GCC_PREFIX_HEADER = "KVC_KVO/KVC_KVO-Prefix.pch";
				INFOPLIST_FILE = "KVC_KVO/KVC_KVO-Info.plist";
				PRODUCT_NAME = "$(TARGET_NAME)";
				WRAPPER_EXTENSION = app;
			};
			name = Debug;
		};
		8F9CEBFB19D1655600D97302 /* Release */ = {
			isa = XCBuildConfiguration;
			buildSettings = {
				ASSETCATALOG_COMPILER_APPICON_NAME = AppIcon;
				ASSETCATALOG_COMPILER_LAUNCHIMAGE_NAME = LaunchImage;
				CLANG_ENABLE_OBJC_ARC = NO;
				GCC_PRECOMPILE_PREFIX_HEADER = YES;
				GCC_PREFIX_HEADER = "KVC_KVO/KVC_KVO-Prefix.pch";
				INFOPLIST_FILE = "KVC_KVO/KVC_KVO-Info.plist";
				PRODUCT_NAME = "$(TARGET_NAME)";
				WRAPPER_EXTENSION = app;
			};
			name = Release;
		};
		8F9CEBFD19D1655600D97302 /* Debug */ = {
			isa = XCBuildConfiguration;
			buildSettings = {
				BUNDLE_LOADER = "$(BUILT_PRODUCTS_DIR)/KVC_KVO.app/KVC_KVO";
				FRAMEWORK_SEARCH_PATHS = (
					"$(SDKROOT)/Developer/Library/Frameworks",
					"$(inherited)",
					"$(DEVELOPER_FRAMEWORKS_DIR)",
				);
				GCC_PRECOMPILE_PREFIX_HEADER = YES;
				GCC_PREFIX_HEADER = "KVC_KVO/KVC_KVO-Prefix.pch";
				GCC_PREPROCESSOR_DEFINITIONS = (
					"DEBUG=1",
					"$(inherited)",
				);
				INFOPLIST_FILE = "KVC_KVOTests/KVC_KVOTests-Info.plist";
				PRODUCT_NAME = "$(TARGET_NAME)";
				TEST_HOST = "$(BUNDLE_LOADER)";
				WRAPPER_EXTENSION = xctest;
			};
			name = Debug;
		};
		8F9CEBFE19D1655600D97302 /* Release */ = {
			isa = XCBuildConfiguration;
			buildSettings = {
				BUNDLE_LOADER = "$(BUILT_PRODUCTS_DIR)/KVC_KVO.app/KVC_KVO";
				FRAMEWORK_SEARCH_PATHS = (
					"$(SDKROOT)/Developer/Library/Frameworks",
					"$(inherited)",
					"$(DEVELOPER_FRAMEWORKS_DIR)",
				);
				GCC_PRECOMPILE_PREFIX_HEADER = YES;
				GCC_PREFIX_HEADER = "KVC_KVO/KVC_KVO-Prefix.pch";
				INFOPLIST_FILE = "KVC_KVOTests/KVC_KVOTests-Info.plist";
				PRODUCT_NAME = "$(TARGET_NAME)";
				TEST_HOST = "$(BUNDLE_LOADER)";
				WRAPPER_EXTENSION = xctest;
			};
			name = Release;
		};
/* End XCBuildConfiguration section */

/* Begin XCConfigurationList section */
		8F9CEBC219D1655600D97302 /* Build configuration list for PBXProject "KVC_KVO" */ = {
			isa = XCConfigurationList;
			buildConfigurations = (
				8F9CEBF719D1655600D97302 /* Debug */,
				8F9CEBF819D1655600D97302 /* Release */,
			);
			defaultConfigurationIsVisible = 0;
			defaultConfigurationName = Release;
		};
		8F9CEBF919D1655600D97302 /* Build configuration list for PBXNativeTarget "KVC_KVO" */ = {
			isa = XCConfigurationList;
			buildConfigurations = (
				8F9CEBFA19D1655600D97302 /* Debug */,
				8F9CEBFB19D1655600D97302 /* Release */,
			);
			defaultConfigurationIsVisible = 0;
			defaultConfigurationName = Release;
		};
		8F9CEBFC19D1655600D97302 /* Build configuration list for PBXNativeTarget "KVC_KVOTests" */ = {
			isa = XCConfigurationList;
			buildConfigurations = (
				8F9CEBFD19D1655600D97302 /* Debug */,
				8F9CEBFE19D1655600D97302 /* Release */,
			);
			defaultConfigurationIsVisible = 0;
			defaultConfigurationName = Release;
		};
/* End XCConfigurationList section */
	};
	rootObject = 8F9CEBBF19D1655600D97302 /* Project object */;
}
