// !$*UTF8*$!
{
	archiveVersion = 1;
	classes = {
	};
	objectVersion = 46;
	objects = {

/* Begin PBXBuildFile section */
		857824E71A397528006B65AF /* main.m in Sources */ = {isa = PBXBuildFile; fileRef = 857824E61A397528006B65AF /* main.m */; };
		857824EA1A397528006B65AF /* AppDelegate.m in Sources */ = {isa = PBXBuildFile; fileRef = 857824E91A397528006B65AF /* AppDelegate.m */; };
		857824ED1A397528006B65AF /* ViewController.m in Sources */ = {isa = PBXBuildFile; fileRef = 857824EC1A397528006B65AF /* ViewController.m */; };
		857824F01A397528006B65AF /* Main.storyboard in Resources */ = {isa = PBXBuildFile; fileRef = 857824EE1A397528006B65AF /* Main.storyboard */; };
		857824F21A397528006B65AF /* Images.xcassets in Resources */ = {isa = PBXBuildFile; fileRef = 857824F11A397528006B65AF /* Images.xcassets */; };
		857824F51A397528006B65AF /* LaunchScreen.xib in Resources */ = {isa = PBXBuildFile; fileRef = 857824F31A397528006B65AF /* LaunchScreen.xib */; };
		857825011A397528006B65AF /* BlockPushDemoTests.m in Sources */ = {isa = PBXBuildFile; fileRef = 857825001A397528006B65AF /* BlockPushDemoTests.m */; };
		8578250C1A39753A006B65AF /* DetailController.m in Sources */ = {isa = PBXBuildFile; fileRef = 8578250B1A39753A006B65AF /* DetailController.m */; };
		8578250F1A39764A006B65AF /* BaseNavigationView.m in Sources */ = {isa = PBXBuildFile; fileRef = 8578250E1A39764A006B65AF /* BaseNavigationView.m */; };
		857825121A3977F3006B65AF /* back@2x.png in Resources */ = {isa = PBXBuildFile; fileRef = 857825111A3977F3006B65AF /* back@2x.png */; };
/* End PBXBuildFile section */

/* Begin PBXContainerItemProxy section */
		857824FB1A397528006B65AF /* PBXContainerItemProxy */ = {
			isa = PBXContainerItemProxy;
			containerPortal = 857824D91A397528006B65AF /* Project object */;
			proxyType = 1;
			remoteGlobalIDString = 857824E01A397528006B65AF;
			remoteInfo = BlockPushDemo;
		};
/* End PBXContainerItemProxy section */

/* Begin PBXFileReference section */
		857824E11A397528006B65AF /* BlockPushDemo.app */ = {isa = PBXFileReference; explicitFileType = wrapper.application; includeInIndex = 0; path = BlockPushDemo.app; sourceTree = BUILT_PRODUCTS_DIR; };
		857824E51A397528006B65AF /* Info.plist */ = {isa = PBXFileReference; lastKnownFileType = text.plist.xml; path = Info.plist; sourceTree = "<group>"; };
		857824E61A397528006B65AF /* main.m */ = {isa = PBXFileReference; lastKnownFileType = sourcecode.c.objc; path = main.m; sourceTree = "<group>"; };
		857824E81A397528006B65AF /* AppDelegate.h */ = {isa = PBXFileReference; lastKnownFileType = sourcecode.c.h; path = AppDelegate.h; sourceTree = "<group>"; };
		857824E91A397528006B65AF /* AppDelegate.m */ = {isa = PBXFileReference; lastKnownFileType = sourcecode.c.objc; path = AppDelegate.m; sourceTree = "<group>"; };
		857824EB1A397528006B65AF /* ViewController.h */ = {isa = PBXFileReference; lastKnownFileType = sourcecode.c.h; path = ViewController.h; sourceTree = "<group>"; };
		857824EC1A397528006B65AF /* ViewController.m */ = {isa = PBXFileReference; lastKnownFileType = sourcecode.c.objc; path = ViewController.m; sourceTree = "<group>"; };
		857824EF1A397528006B65AF /* Base */ = {isa = PBXFileReference; lastKnownFileType = file.storyboard; name = Base; path = Base.lproj/Main.storyboard; sourceTree = "<group>"; };
		857824F11A397528006B65AF /* Images.xcassets */ = {isa = PBXFileReference; lastKnownFileType = folder.assetcatalog; path = Images.xcassets; sourceTree = "<group>"; };
		857824F41A397528006B65AF /* Base */ = {isa = PBXFileReference; lastKnownFileType = file.xib; name = Base; path = Base.lproj/LaunchScreen.xib; sourceTree = "<group>"; };
		857824FA1A397528006B65AF /* BlockPushDemoTests.xctest */ = {isa = PBXFileReference; explicitFileType = wrapper.cfbundle; includeInIndex = 0; path = BlockPushDemoTests.xctest; sourceTree = BUILT_PRODUCTS_DIR; };
		857824FF1A397528006B65AF /* Info.plist */ = {isa = PBXFileReference; lastKnownFileType = text.plist.xml; path = Info.plist; sourceTree = "<group>"; };
		857825001A397528006B65AF /* BlockPushDemoTests.m */ = {isa = PBXFileReference; lastKnownFileType = sourcecode.c.objc; path = BlockPushDemoTests.m; sourceTree = "<group>"; };
		8578250A1A39753A006B65AF /* DetailController.h */ = {isa = PBXFileReference; fileEncoding = 4; lastKnownFileType = sourcecode.c.h; path = DetailController.h; sourceTree = "<group>"; };
		8578250B1A39753A006B65AF /* DetailController.m */ = {isa = PBXFileReference; fileEncoding = 4; lastKnownFileType = sourcecode.c.objc; path = DetailController.m; sourceTree = "<group>"; };
		8578250D1A39764A006B65AF /* BaseNavigationView.h */ = {isa = PBXFileReference; fileEncoding = 4; lastKnownFileType = sourcecode.c.h; path = BaseNavigationView.h; sourceTree = "<group>"; };
		8578250E1A39764A006B65AF /* BaseNavigationView.m */ = {isa = PBXFileReference; fileEncoding = 4; lastKnownFileType = sourcecode.c.objc; path = BaseNavigationView.m; sourceTree = "<group>"; };
		857825101A397688006B65AF /* CONST.h */ = {isa = PBXFileReference; fileEncoding = 4; lastKnownFileType = sourcecode.c.h; path = CONST.h; sourceTree = "<group>"; };
		857825111A3977F3006B65AF /* back@2x.png */ = {isa = PBXFileReference; lastKnownFileType = image.png; path = "back@2x.png"; sourceTree = "<group>"; };
/* End PBXFileReference section */

/* Begin PBXFrameworksBuildPhase section */
		857824DE1A397528006B65AF /* Frameworks */ = {
			isa = PBXFrameworksBuildPhase;
			buildActionMask = 2147483647;
			files = (
			);
			runOnlyForDeploymentPostprocessing = 0;
		};
		857824F71A397528006B65AF /* Frameworks */ = {
			isa = PBXFrameworksBuildPhase;
			buildActionMask = 2147483647;
			files = (
			);
			runOnlyForDeploymentPostprocessing = 0;
		};
/* End PBXFrameworksBuildPhase section */

/* Begin PBXGroup section */
		857824D81A397528006B65AF = {
			isa = PBXGroup;
			children = (
				857824E31A397528006B65AF /* BlockPushDemo */,
				857824FD1A397528006B65AF /* BlockPushDemoTests */,
				857824E21A397528006B65AF /* Products */,
			);
			sourceTree = "<group>";
		};
		857824E21A397528006B65AF /* Products */ = {
			isa = PBXGroup;
			children = (
				857824E11A397528006B65AF /* BlockPushDemo.app */,
				857824FA1A397528006B65AF /* BlockPushDemoTests.xctest */,
			);
			name = Products;
			sourceTree = "<group>";
		};
		857824E31A397528006B65AF /* BlockPushDemo */ = {
			isa = PBXGroup;
			children = (
				857825111A3977F3006B65AF /* back@2x.png */,
				857825101A397688006B65AF /* CONST.h */,
				8578250D1A39764A006B65AF /* BaseNavigationView.h */,
				8578250E1A39764A006B65AF /* BaseNavigationView.m */,
				857824E81A397528006B65AF /* AppDelegate.h */,
				857824E91A397528006B65AF /* AppDelegate.m */,
				857824EB1A397528006B65AF /* ViewController.h */,
				857824EC1A397528006B65AF /* ViewController.m */,
				857824EE1A397528006B65AF /* Main.storyboard */,
				857824F11A397528006B65AF /* Images.xcassets */,
				857824F31A397528006B65AF /* LaunchScreen.xib */,
				857824E41A397528006B65AF /* Supporting Files */,
				8578250A1A39753A006B65AF /* DetailController.h */,
				8578250B1A39753A006B65AF /* DetailController.m */,
			);
			path = BlockPushDemo;
			sourceTree = "<group>";
		};
		857824E41A397528006B65AF /* Supporting Files */ = {
			isa = PBXGroup;
			children = (
				857824E51A397528006B65AF /* Info.plist */,
				857824E61A397528006B65AF /* main.m */,
			);
			name = "Supporting Files";
			sourceTree = "<group>";
		};
		857824FD1A397528006B65AF /* BlockPushDemoTests */ = {
			isa = PBXGroup;
			children = (
				857825001A397528006B65AF /* BlockPushDemoTests.m */,
				857824FE1A397528006B65AF /* Supporting Files */,
			);
			path = BlockPushDemoTests;
			sourceTree = "<group>";
		};
		857824FE1A397528006B65AF /* Supporting Files */ = {
			isa = PBXGroup;
			children = (
				857824FF1A397528006B65AF /* Info.plist */,
			);
			name = "Supporting Files";
			sourceTree = "<group>";
		};
/* End PBXGroup section */

/* Begin PBXNativeTarget section */
		857824E01A397528006B65AF /* BlockPushDemo */ = {
			isa = PBXNativeTarget;
			buildConfigurationList = 857825041A397528006B65AF /* Build configuration list for PBXNativeTarget "BlockPushDemo" */;
			buildPhases = (
				857824DD1A397528006B65AF /* Sources */,
				857824DE1A397528006B65AF /* Frameworks */,
				857824DF1A397528006B65AF /* Resources */,
			);
			buildRules = (
			);
			dependencies = (
			);
			name = BlockPushDemo;
			productName = BlockPushDemo;
			productReference = 857824E11A397528006B65AF /* BlockPushDemo.app */;
			productType = "com.apple.product-type.application";
		};
		857824F91A397528006B65AF /* BlockPushDemoTests */ = {
			isa = PBXNativeTarget;
			buildConfigurationList = 857825071A397528006B65AF /* Build configuration list for PBXNativeTarget "BlockPushDemoTests" */;
			buildPhases = (
				857824F61A397528006B65AF /* Sources */,
				857824F71A397528006B65AF /* Frameworks */,
				857824F81A397528006B65AF /* Resources */,
			);
			buildRules = (
			);
			dependencies = (
				857824FC1A397528006B65AF /* PBXTargetDependency */,
			);
			name = BlockPushDemoTests;
			productName = BlockPushDemoTests;
			productReference = 857824FA1A397528006B65AF /* BlockPushDemoTests.xctest */;
			productType = "com.apple.product-type.bundle.unit-test";
		};
/* End PBXNativeTarget section */

/* Begin PBXProject section */
		857824D91A397528006B65AF /* Project object */ = {
			isa = PBXProject;
			attributes = {
				LastUpgradeCheck = 0610;
				ORGANIZATIONNAME = "方廷超";
				TargetAttributes = {
					857824E01A397528006B65AF = {
						CreatedOnToolsVersion = 6.1;
					};
					857824F91A397528006B65AF = {
						CreatedOnToolsVersion = 6.1;
						TestTargetID = 857824E01A397528006B65AF;
					};
				};
			};
			buildConfigurationList = 857824DC1A397528006B65AF /* Build configuration list for PBXProject "BlockPushDemo" */;
			compatibilityVersion = "Xcode 3.2";
			developmentRegion = English;
			hasScannedForEncodings = 0;
			knownRegions = (
				en,
				Base,
			);
			mainGroup = 857824D81A397528006B65AF;
			productRefGroup = 857824E21A397528006B65AF /* Products */;
			projectDirPath = "";
			projectRoot = "";
			targets = (
				857824E01A397528006B65AF /* BlockPushDemo */,
				857824F91A397528006B65AF /* BlockPushDemoTests */,
			);
		};
/* End PBXProject section */

/* Begin PBXResourcesBuildPhase section */
		857824DF1A397528006B65AF /* Resources */ = {
			isa = PBXResourcesBuildPhase;
			buildActionMask = 2147483647;
			files = (
				857824F01A397528006B65AF /* Main.storyboard in Resources */,
				857825121A3977F3006B65AF /* back@2x.png in Resources */,
				857824F51A397528006B65AF /* LaunchScreen.xib in Resources */,
				857824F21A397528006B65AF /* Images.xcassets in Resources */,
			);
			runOnlyForDeploymentPostprocessing = 0;
		};
		857824F81A397528006B65AF /* Resources */ = {
			isa = PBXResourcesBuildPhase;
			buildActionMask = 2147483647;
			files = (
			);
			runOnlyForDeploymentPostprocessing = 0;
		};
/* End PBXResourcesBuildPhase section */

/* Begin PBXSourcesBuildPhase section */
		857824DD1A397528006B65AF /* Sources */ = {
			isa = PBXSourcesBuildPhase;
			buildActionMask = 2147483647;
			files = (
				8578250C1A39753A006B65AF /* DetailController.m in Sources */,
				857824ED1A397528006B65AF /* ViewController.m in Sources */,
				857824EA1A397528006B65AF /* AppDelegate.m in Sources */,
				8578250F1A39764A006B65AF /* BaseNavigationView.m in Sources */,
				857824E71A397528006B65AF /* main.m in Sources */,
			);
			runOnlyForDeploymentPostprocessing = 0;
		};
		857824F61A397528006B65AF /* Sources */ = {
			isa = PBXSourcesBuildPhase;
			buildActionMask = 2147483647;
			files = (
				857825011A397528006B65AF /* BlockPushDemoTests.m in Sources */,
			);
			runOnlyForDeploymentPostprocessing = 0;
		};
/* End PBXSourcesBuildPhase section */

/* Begin PBXTargetDependency section */
		857824FC1A397528006B65AF /* PBXTargetDependency */ = {
			isa = PBXTargetDependency;
			target = 857824E01A397528006B65AF /* BlockPushDemo */;
			targetProxy = 857824FB1A397528006B65AF /* PBXContainerItemProxy */;
		};
/* End PBXTargetDependency section */

/* Begin PBXVariantGroup section */
		857824EE1A397528006B65AF /* Main.storyboard */ = {
			isa = PBXVariantGroup;
			children = (
				857824EF1A397528006B65AF /* Base */,
			);
			name = Main.storyboard;
			sourceTree = "<group>";
		};
		857824F31A397528006B65AF /* LaunchScreen.xib */ = {
			isa = PBXVariantGroup;
			children = (
				857824F41A397528006B65AF /* Base */,
			);
			name = LaunchScreen.xib;
			sourceTree = "<group>";
		};
/* End PBXVariantGroup section */

/* Begin XCBuildConfiguration section */
		857825021A397528006B65AF /* Debug */ = {
			isa = XCBuildConfiguration;
			buildSettings = {
				ALWAYS_SEARCH_USER_PATHS = NO;
				CLANG_CXX_LANGUAGE_STANDARD = "gnu++0x";
				CLANG_CXX_LIBRARY = "libc++";
				CLANG_ENABLE_MODULES = YES;
				CLANG_ENABLE_OBJC_ARC = YES;
				CLANG_WARN_BOOL_CONVERSION = YES;
				CLANG_WARN_CONSTANT_CONVERSION = YES;
				CLANG_WARN_DIRECT_OBJC_ISA_USAGE = YES_ERROR;
				CLANG_WARN_EMPTY_BODY = YES;
				CLANG_WARN_ENUM_CONVERSION = YES;
				CLANG_WARN_INT_CONVERSION = YES;
				CLANG_WARN_OBJC_ROOT_CLASS = YES_ERROR;
				CLANG_WARN_UNREACHABLE_CODE = YES;
				CLANG_WARN__DUPLICATE_METHOD_MATCH = YES;
				"CODE_SIGN_IDENTITY[sdk=iphoneos*]" = "iPhone Developer";
				COPY_PHASE_STRIP = NO;
				ENABLE_STRICT_OBJC_MSGSEND = YES;
				GCC_C_LANGUAGE_STANDARD = gnu99;
				GCC_DYNAMIC_NO_PIC = NO;
				GCC_OPTIMIZATION_LEVEL = 0;
				GCC_PREPROCESSOR_DEFINITIONS = (
					"DEBUG=1",
					"$(inherited)",
				);
				GCC_SYMBOLS_PRIVATE_EXTERN = NO;
				GCC_WARN_64_TO_32_BIT_CONVERSION = YES;
				GCC_WARN_ABOUT_RETURN_TYPE = YES_ERROR;
				GCC_WARN_UNDECLARED_SELECTOR = YES;
				GCC_WARN_UNINITIALIZED_AUTOS = YES_AGGRESSIVE;
				GCC_WARN_UNUSED_FUNCTION = YES;
				GCC_WARN_UNUSED_VARIABLE = YES;
				IPHONEOS_DEPLOYMENT_TARGET = 8.1;
				MTL_ENABLE_DEBUG_INFO = YES;
				ONLY_ACTIVE_ARCH = YES;
				SDKROOT = iphoneos;
			};
			name = Debug;
		};
		857825031A397528006B65AF /* Release */ = {
			isa = XCBuildConfiguration;
			buildSettings = {
				ALWAYS_SEARCH_USER_PATHS = NO;
				CLANG_CXX_LANGUAGE_STANDARD = "gnu++0x";
				CLANG_CXX_LIBRARY = "libc++";
				CLANG_ENABLE_MODULES = YES;
				CLANG_ENABLE_OBJC_ARC = YES;
				CLANG_WARN_BOOL_CONVERSION = YES;
				CLANG_WARN_CONSTANT_CONVERSION = YES;
				CLANG_WARN_DIRECT_OBJC_ISA_USAGE = YES_ERROR;
				CLANG_WARN_EMPTY_BODY = YES;
				CLANG_WARN_ENUM_CONVERSION = YES;
				CLANG_WARN_INT_CONVERSION = YES;
				CLANG_WARN_OBJC_ROOT_CLASS = YES_ERROR;
				CLANG_WARN_UNREACHABLE_CODE = YES;
				CLANG_WARN__DUPLICATE_METHOD_MATCH = YES;
				"CODE_SIGN_IDENTITY[sdk=iphoneos*]" = "iPhone Developer";
				COPY_PHASE_STRIP = YES;
				ENABLE_NS_ASSERTIONS = NO;
				ENABLE_STRICT_OBJC_MSGSEND = YES;
				GCC_C_LANGUAGE_STANDARD = gnu99;
				GCC_WARN_64_TO_32_BIT_CONVERSION = YES;
				GCC_WARN_ABOUT_RETURN_TYPE = YES_ERROR;
				GCC_WARN_UNDECLARED_SELECTOR = YES;
				GCC_WARN_UNINITIALIZED_AUTOS = YES_AGGRESSIVE;
				GCC_WARN_UNUSED_FUNCTION = YES;
				GCC_WARN_UNUSED_VARIABLE = YES;
				IPHONEOS_DEPLOYMENT_TARGET = 8.1;
				MTL_ENABLE_DEBUG_INFO = NO;
				SDKROOT = iphoneos;
				VALIDATE_PRODUCT = YES;
			};
			name = Release;
		};
		857825051A397528006B65AF /* Debug */ = {
			isa = XCBuildConfiguration;
			buildSettings = {
				ASSETCATALOG_COMPILER_APPICON_NAME = AppIcon;
				INFOPLIST_FILE = BlockPushDemo/Info.plist;
				LD_RUNPATH_SEARCH_PATHS = "$(inherited) @executable_path/Frameworks";
				PRODUCT_NAME = "$(TARGET_NAME)";
			};
			name = Debug;
		};
		857825061A397528006B65AF /* Release */ = {
			isa = XCBuildConfiguration;
			buildSettings = {
				ASSETCATALOG_COMPILER_APPICON_NAME = AppIcon;
				INFOPLIST_FILE = BlockPushDemo/Info.plist;
				LD_RUNPATH_SEARCH_PATHS = "$(inherited) @executable_path/Frameworks";
				PRODUCT_NAME = "$(TARGET_NAME)";
			};
			name = Release;
		};
		857825081A397528006B65AF /* Debug */ = {
			isa = XCBuildConfiguration;
			buildSettings = {
				BUNDLE_LOADER = "$(TEST_HOST)";
				FRAMEWORK_SEARCH_PATHS = (
					"$(SDKROOT)/Developer/Library/Frameworks",
					"$(inherited)",
				);
				GCC_PREPROCESSOR_DEFINITIONS = (
					"DEBUG=1",
					"$(inherited)",
				);
				INFOPLIST_FILE = BlockPushDemoTests/Info.plist;
				LD_RUNPATH_SEARCH_PATHS = "$(inherited) @executable_path/Frameworks @loader_path/Frameworks";
				PRODUCT_NAME = "$(TARGET_NAME)";
				TEST_HOST = "$(BUILT_PRODUCTS_DIR)/BlockPushDemo.app/BlockPushDemo";
			};
			name = Debug;
		};
		857825091A397528006B65AF /* Release */ = {
			isa = XCBuildConfiguration;
			buildSettings = {
				BUNDLE_LOADER = "$(TEST_HOST)";
				FRAMEWORK_SEARCH_PATHS = (
					"$(SDKROOT)/Developer/Library/Frameworks",
					"$(inherited)",
				);
				INFOPLIST_FILE = BlockPushDemoTests/Info.plist;
				LD_RUNPATH_SEARCH_PATHS = "$(inherited) @executable_path/Frameworks @loader_path/Frameworks";
				PRODUCT_NAME = "$(TARGET_NAME)";
				TEST_HOST = "$(BUILT_PRODUCTS_DIR)/BlockPushDemo.app/BlockPushDemo";
			};
			name = Release;
		};
/* End XCBuildConfiguration section */

/* Begin XCConfigurationList section */
		857824DC1A397528006B65AF /* Build configuration list for PBXProject "BlockPushDemo" */ = {
			isa = XCConfigurationList;
			buildConfigurations = (
				857825021A397528006B65AF /* Debug */,
				857825031A397528006B65AF /* Release */,
			);
			defaultConfigurationIsVisible = 0;
			defaultConfigurationName = Release;
		};
		857825041A397528006B65AF /* Build configuration list for PBXNativeTarget "BlockPushDemo" */ = {
			isa = XCConfigurationList;
			buildConfigurations = (
				857825051A397528006B65AF /* Debug */,
				857825061A397528006B65AF /* Release */,
			);
			defaultConfigurationIsVisible = 0;
		};
		857825071A397528006B65AF /* Build configuration list for PBXNativeTarget "BlockPushDemoTests" */ = {
			isa = XCConfigurationList;
			buildConfigurations = (
				857825081A397528006B65AF /* Debug */,
				857825091A397528006B65AF /* Release */,
			);
			defaultConfigurationIsVisible = 0;
		};
/* End XCConfigurationList section */
	};
	rootObject = 857824D91A397528006B65AF /* Project object */;
}
